// !$*UTF8*$!
{
	archiveVersion = 1;
	classes = {
	};
	objectVersion = 50;
	objects = {

/* Begin PBXBuildFile section */
		F160BF2024CDDDCF0097B7B7 /* AppDelegate.swift in Sources */ = {isa = PBXBuildFile; fileRef = F160BF1F24CDDDCF0097B7B7 /* AppDelegate.swift */; };
		F160BF2224CDDDCF0097B7B7 /* SceneDelegate.swift in Sources */ = {isa = PBXBuildFile; fileRef = F160BF2124CDDDCF0097B7B7 /* SceneDelegate.swift */; };
		F160BF2424CDDDCF0097B7B7 /* ViewController.swift in Sources */ = {isa = PBXBuildFile; fileRef = F160BF2324CDDDCF0097B7B7 /* ViewController.swift */; };
		F160BF2924CDDDD10097B7B7 /* Assets.xcassets in Resources */ = {isa = PBXBuildFile; fileRef = F160BF2824CDDDD10097B7B7 /* Assets.xcassets */; };
		F160BF2C24CDDDD10097B7B7 /* LaunchScreen.storyboard in Resources */ = {isa = PBXBuildFile; fileRef = F160BF2A24CDDDD10097B7B7 /* LaunchScreen.storyboard */; };
/* End PBXBuildFile section */

/* Begin PBXFileReference section */
		F160BF1C24CDDDCF0097B7B7 /* tapping_app_uikit.app */ = {isa = PBXFileReference; explicitFileType = wrapper.application; includeInIndex = 0; path = tapping_app_uikit.app; sourceTree = BUILT_PRODUCTS_DIR; };
		F160BF1F24CDDDCF0097B7B7 /* AppDelegate.swift */ = {isa = PBXFileReference; lastKnownFileType = sourcecode.swift; path = AppDelegate.swift; sourceTree = "<group>"; };
		F160BF2124CDDDCF0097B7B7 /* SceneDelegate.swift */ = {isa = PBXFileReference; lastKnownFileType = sourcecode.swift; path = SceneDelegate.swift; sourceTree = "<group>"; };
		F160BF2324CDDDCF0097B7B7 /* ViewController.swift */ = {isa = PBXFileReference; lastKnownFileType = sourcecode.swift; path = ViewController.swift; sourceTree = "<group>"; };
		F160BF2824CDDDD10097B7B7 /* Assets.xcassets */ = {isa = PBXFileReference; lastKnownFileType = folder.assetcatalog; path = Assets.xcassets; sourceTree = "<group>"; };
		F160BF2B24CDDDD10097B7B7 /* Base */ = {isa = PBXFileReference; lastKnownFileType = file.storyboard; name = Base; path = Base.lproj/LaunchScreen.storyboard; sourceTree = "<group>"; };
		F160BF2D24CDDDD10097B7B7 /* Info.plist */ = {isa = PBXFileReference; lastKnownFileType = text.plist.xml; path = Info.plist; sourceTree = "<group>"; };
/* End PBXFileReference section */

/* Begin PBXFrameworksBuildPhase section */
		F160BF1924CDDDCF0097B7B7 /* Frameworks */ = {
			isa = PBXFrameworksBuildPhase;
			buildActionMask = 2147483647;
			files = (
			);
			runOnlyForDeploymentPostprocessing = 0;
		};
/* End PBXFrameworksBuildPhase section */

/* Begin PBXGroup section */
		F160BF1324CDDDCF0097B7B7 = {
			isa = PBXGroup;
			children = (
				F160BF1E24CDDDCF0097B7B7 /* tapping_app_uikit */,
				F160BF1D24CDDDCF0097B7B7 /* Products */,
			);
			sourceTree = "<group>";
		};
		F160BF1D24CDDDCF0097B7B7 /* Products */ = {
			isa = PBXGroup;
			children = (
				F160BF1C24CDDDCF0097B7B7 /* tapping_app_uikit.app */,
			);
			name = Products;
			sourceTree = "<group>";
		};
		F160BF1E24CDDDCF0097B7B7 /* tapping_app_uikit */ = {
			isa = PBXGroup;
			children = (
				F160BF1F24CDDDCF0097B7B7 /* AppDelegate.swift */,
				F160BF2124CDDDCF0097B7B7 /* SceneDelegate.swift */,
				F160BF2324CDDDCF0097B7B7 /* ViewController.swift */,
				F160BF2824CDDDD10097B7B7 /* Assets.xcassets */,
				F160BF2A24CDDDD10097B7B7 /* LaunchScreen.storyboard */,
				F160BF2D24CDDDD10097B7B7 /* Info.plist */,
			);
			path = tapping_app_uikit;
			sourceTree = "<group>";
		};
/* End PBXGroup section */

/* Begin PBXNativeTarget section */
		F160BF1B24CDDDCF0097B7B7 /* tapping_app_uikit */ = {
			isa = PBXNativeTarget;
			buildConfigurationList = F160BF3024CDDDD10097B7B7 /* Build configuration list for PBXNativeTarget "tapping_app_uikit" */;
			buildPhases = (
				F160BF1824CDDDCF0097B7B7 /* Sources */,
				F160BF1924CDDDCF0097B7B7 /* Frameworks */,
				F160BF1A24CDDDCF0097B7B7 /* Resources */,
			);
			buildRules = (
			);
			dependencies = (
			);
			name = tapping_app_uikit;
			productName = tapping_app_uikit;
			productReference = F160BF1C24CDDDCF0097B7B7 /* tapping_app_uikit.app */;
			productType = "com.apple.product-type.application";
		};
/* End PBXNativeTarget section */

/* Begin PBXProject section */
		F160BF1424CDDDCF0097B7B7 /* Project object */ = {
			isa = PBXProject;
			attributes = {
				LastSwiftUpdateCheck = 1130;
				LastUpgradeCheck = 1130;
				ORGANIZATIONNAME = "Marina Beatriz Santana de Aguiar";
				TargetAttributes = {
					F160BF1B24CDDDCF0097B7B7 = {
						CreatedOnToolsVersion = 11.3.1;
					};
				};
			};
			buildConfigurationList = F160BF1724CDDDCF0097B7B7 /* Build configuration list for PBXProject "tapping_app_uikit" */;
			compatibilityVersion = "Xcode 9.3";
			developmentRegion = en;
			hasScannedForEncodings = 0;
			knownRegions = (
				en,
				Base,
			);
			mainGroup = F160BF1324CDDDCF0097B7B7;
			productRefGroup = F160BF1D24CDDDCF0097B7B7 /* Products */;
			projectDirPath = "";
			projectRoot = "";
			targets = (
				F160BF1B24CDDDCF0097B7B7 /* tapping_app_uikit */,
			);
		};
/* End PBXProject section */

/* Begin PBXResourcesBuildPhase section */
		F160BF1A24CDDDCF0097B7B7 /* Resources */ = {
			isa = PBXResourcesBuildPhase;
			buildActionMask = 2147483647;
			files = (
				F160BF2C24CDDDD10097B7B7 /* LaunchScreen.storyboard in Resources */,
				F160BF2924CDDDD10097B7B7 /* Assets.xcassets in Resources */,
			);
			runOnlyForDeploymentPostprocessing = 0;
		};
/* End PBXResourcesBuildPhase section */

/* Begin PBXSourcesBuildPhase section */
		F160BF1824CDDDCF0097B7B7 /* Sources */ = {
			isa = PBXSourcesBuildPhase;
			buildActionMask = 2147483647;
			files = (
				F160BF2424CDDDCF0097B7B7 /* ViewController.swift in Sources */,
				F160BF2024CDDDCF0097B7B7 /* AppDelegate.swift in Sources */,
				F160BF2224CDDDCF0097B7B7 /* SceneDelegate.swift in Sources */,
			);
			runOnlyForDeploymentPostprocessing = 0;
		};
/* End PBXSourcesBuildPhase section */

/* Begin PBXVariantGroup section */
		F160BF2A24CDDDD10097B7B7 /* LaunchScreen.storyboard */ = {
			isa = PBXVariantGroup;
			children = (
				F160BF2B24CDDDD10097B7B7 /* Base */,
			);
			name = LaunchScreen.storyboard;
			sourceTree = "<group>";
		};
/* End PBXVariantGroup section */

/* Begin XCBuildConfiguration section */
		F160BF2E24CDDDD10097B7B7 /* Debug */ = {
			isa = XCBuildConfiguration;
			buildSettings = {
				ALWAYS_SEARCH_USER_PATHS = NO;
				CLANG_ANALYZER_NONNULL = YES;
				CLANG_ANALYZER_NUMBER_OBJECT_CONVERSION = YES_AGGRESSIVE;
				CLANG_CXX_LANGUAGE_STANDARD = "gnu++14";
				CLANG_CXX_LIBRARY = "libc++";
				CLANG_ENABLE_MODULES = YES;
				CLANG_ENABLE_OBJC_ARC = YES;
				CLANG_ENABLE_OBJC_WEAK = YES;
				CLANG_WARN_BLOCK_CAPTURE_AUTORELEASING = YES;
				CLANG_WARN_BOOL_CONVERSION = YES;
				CLANG_WARN_COMMA = YES;
				CLANG_WARN_CONSTANT_CONVERSION = YES;
				CLANG_WARN_DEPRECATED_OBJC_IMPLEMENTATIONS = YES;
				CLANG_WARN_DIRECT_OBJC_ISA_USAGE = YES_ERROR;
				CLANG_WARN_DOCUMENTATION_COMMENTS = YES;
				CLANG_WARN_EMPTY_BODY = YES;
				CLANG_WARN_ENUM_CONVERSION = YES;
				CLANG_WARN_INFINITE_RECURSION = YES;
				CLANG_WARN_INT_CONVERSION = YES;
				CLANG_WARN_NON_LITERAL_NULL_CONVERSION = YES;
				CLANG_WARN_OBJC_IMPLICIT_RETAIN_SELF = YES;
				CLANG_WARN_OBJC_LITERAL_CONVERSION = YES;
				CLANG_WARN_OBJC_ROOT_CLASS = YES_ERROR;
				CLANG_WARN_RANGE_LOOP_ANALYSIS = YES;
				CLANG_WARN_STRICT_PROTOTYPES = YES;
				CLANG_WARN_SUSPICIOUS_MOVE = YES;
				CLANG_WARN_UNGUARDED_AVAILABILITY = YES_AGGRESSIVE;
				CLANG_WARN_UNREACHABLE_CODE = YES;
				CLANG_WARN__DUPLICATE_METHOD_MATCH = YES;
				COPY_PHASE_STRIP = NO;
				DEBUG_INFORMATION_FORMAT = dwarf;
				ENABLE_STRICT_OBJC_MSGSEND = YES;
				ENABLE_TESTABILITY = YES;
				GCC_C_LANGUAGE_STANDARD = gnu11;
				GCC_DYNAMIC_NO_PIC = NO;
				GCC_NO_COMMON_BLOCKS = YES;
				GCC_OPTIMIZATION_LEVEL = 0;
				GCC_PREPROCESSOR_DEFINITIONS = (
					"DEBUG=1",
					"$(inherited)",
				);
				GCC_WARN_64_TO_32_BIT_CONVERSION = YES;
				GCC_WARN_ABOUT_RETURN_TYPE = YES_ERROR;
				GCC_WARN_UNDECLARED_SELECTOR = YES;
				GCC_WARN_UNINITIALIZED_AUTOS = YES_AGGRESSIVE;
				GCC_WARN_UNUSED_FUNCTION = YES;
				GCC_WARN_UNUSED_VARIABLE = YES;
				IPHONEOS_DEPLOYMENT_TARGET = 13.2;
				MTL_ENABLE_DEBUG_INFO = INCLUDE_SOURCE;
				MTL_FAST_MATH = YES;
				ONLY_ACTIVE_ARCH = YES;
				SDKROOT = iphoneos;
				SWIFT_ACTIVE_COMPILATION_CONDITIONS = DEBUG;
				SWIFT_OPTIMIZATION_LEVEL = "-Onone";
			};
			name = Debug;
		};
		F160BF2F24CDDDD10097B7B7 /* Release */ = {
			isa = XCBuildConfiguration;
			buildSettings = {
				ALWAYS_SEARCH_USER_PATHS = NO;
				CLANG_ANALYZER_NONNULL = YES;
				CLANG_ANALYZER_NUMBER_OBJECT_CONVERSION = YES_AGGRESSIVE;
				CLANG_CXX_LANGUAGE_STANDARD = "gnu++14";
				CLANG_CXX_LIBRARY = "libc++";
				CLANG_ENABLE_MODULES = YES;
				CLANG_ENABLE_OBJC_ARC = YES;
				CLANG_ENABLE_OBJC_WEAK = YES;
				CLANG_WARN_BLOCK_CAPTURE_AUTORELEASING = YES;
				CLANG_WARN_BOOL_CONVERSION = YES;
				CLANG_WARN_COMMA = YES;
				CLANG_WARN_CONSTANT_CONVERSION = YES;
				CLANG_WARN_DEPRECATED_OBJC_IMPLEMENTATIONS = YES;
				CLANG_WARN_DIRECT_OBJC_ISA_USAGE = YES_ERROR;
				CLANG_WARN_DOCUMENTATION_COMMENTS = YES;
				CLANG_WARN_EMPTY_BODY = YES;
				CLANG_WARN_ENUM_CONVERSION = YES;
				CLANG_WARN_INFINITE_RECURSION = YES;
				CLANG_WARN_INT_CONVERSION = YES;
				CLANG_WARN_NON_LITERAL_NULL_CONVERSION = YES;
				CLANG_WARN_OBJC_IMPLICIT_RETAIN_SELF = YES;
				CLANG_WARN_OBJC_LITERAL_CONVERSION = YES;
				CLANG_WARN_OBJC_ROOT_CLASS = YES_ERROR;
				CLANG_WARN_RANGE_LOOP_ANALYSIS = YES;
				CLANG_WARN_STRICT_PROTOTYPES = YES;
				CLANG_WARN_SUSPICIOUS_MOVE = YES;
				CLANG_WARN_UNGUARDED_AVAILABILITY = YES_AGGRESSIVE;
				CLANG_WARN_UNREACHABLE_CODE = YES;
				CLANG_WARN__DUPLICATE_METHOD_MATCH = YES;
				COPY_PHASE_STRIP = NO;
				DEBUG_INFORMATION_FORMAT = "dwarf-with-dsym";
				ENABLE_NS_ASSERTIONS = NO;
				ENABLE_STRICT_OBJC_MSGSEND = YES;
				GCC_C_LANGUAGE_STANDARD = gnu11;
				GCC_NO_COMMON_BLOCKS = YES;
				GCC_WARN_64_TO_32_BIT_CONVERSION = YES;
				GCC_WARN_ABOUT_RETURN_TYPE = YES_ERROR;
				GCC_WARN_UNDECLARED_SELECTOR = YES;
				GCC_WARN_UNINITIALIZED_AUTOS = YES_AGGRESSIVE;
				GCC_WARN_UNUSED_FUNCTION = YES;
				GCC_WARN_UNUSED_VARIABLE = YES;
				IPHONEOS_DEPLOYMENT_TARGET = 13.2;
				MTL_ENABLE_DEBUG_INFO = NO;
				MTL_FAST_MATH = YES;
				SDKROOT = iphoneos;
				SWIFT_COMPILATION_MODE = wholemodule;
				SWIFT_OPTIMIZATION_LEVEL = "-O";
				VALIDATE_PRODUCT = YES;
			};
			name = Release;
		};
		F160BF3124CDDDD10097B7B7 /* Debug */ = {
			isa = XCBuildConfiguration;
			buildSettings = {
				ASSETCATALOG_COMPILER_APPICON_NAME = AppIcon;
				CODE_SIGN_STYLE = Automatic;
				DEVELOPMENT_TEAM = L68H6X9MR3;
				INFOPLIST_FILE = tapping_app_uikit/Info.plist;
				LD_RUNPATH_SEARCH_PATHS = (
					"$(inherited)",
					"@executable_path/Frameworks",
				);
				PRODUCT_BUNDLE_IDENTIFIER = "com.mbsa.tapping-app-uikit";
				PRODUCT_NAME = "$(TARGET_NAME)";
				SWIFT_VERSION = 5.0;
				TARGETED_DEVICE_FAMILY = "1,2";
			};
			name = Debug;
		};
		F160BF3224CDDDD10097B7B7 /* Release */ = {
			isa = XCBuildConfiguration;
			buildSettings = {
				ASSETCATALOG_COMPILER_APPICON_NAME = AppIcon;
				CODE_SIGN_STYLE = Automatic;
				DEVELOPMENT_TEAM = L68H6X9MR3;
				INFOPLIST_FILE = tapping_app_uikit/Info.plist;
				LD_RUNPATH_SEARCH_PATHS = (
					"$(inherited)",
					"@executable_path/Frameworks",
				);
				PRODUCT_BUNDLE_IDENTIFIER = "com.mbsa.tapping-app-uikit";
				PRODUCT_NAME = "$(TARGET_NAME)";
				SWIFT_VERSION = 5.0;
				TARGETED_DEVICE_FAMILY = "1,2";
			};
			name = Release;
		};
/* End XCBuildConfiguration section */

/* Begin XCConfigurationList section */
		F160BF1724CDDDCF0097B7B7 /* Build configuration list for PBXProject "tapping_app_uikit" */ = {
			isa = XCConfigurationList;
			buildConfigurations = (
				F160BF2E24CDDDD10097B7B7 /* Debug */,
				F160BF2F24CDDDD10097B7B7 /* Release */,
			);
			defaultConfigurationIsVisible = 0;
			defaultConfigurationName = Release;
		};
		F160BF3024CDDDD10097B7B7 /* Build configuration list for PBXNativeTarget "tapping_app_uikit" */ = {
			isa = XCConfigurationList;
			buildConfigurations = (
				F160BF3124CDDDD10097B7B7 /* Debug */,
				F160BF3224CDDDD10097B7B7 /* Release */,
			);
			defaultConfigurationIsVisible = 0;
			defaultConfigurationName = Release;
		};
/* End XCConfigurationList section */
	};
	rootObject = F160BF1424CDDDCF0097B7B7 /* Project object */;
}
